
Microsoft Visual Studio Solution File, Format Version 12.00
# Visual Studio Version 17
VisualStudioVersion = 17.2.32616.157
MinimumVisualStudioVersion = 10.0.40219.1
Project("{9A19103F-16F7-4668-BE54-9A1E7A4F7556}") = "Gen 1 Save Classes", "Gen 1 Save Classes\Gen 1 Save Classes.csproj", "{958E16B9-68DF-4467-86EF-7A7173E4D10B}"
EndProject
Project("{FAE04EC0-301F-11D3-BF4B-00C04F79EFBC}") = "Onix-Gameboy-Cartridge-Reader", "Onix Gameboy Cartridge Reader\Onix-Gameboy-Cartridge-Reader.csproj", "{DE17752F-9760-4BA9-A30D-7759814FB64E}"
EndProject
Global
	GlobalSection(SolutionConfigurationPlatforms) = preSolution
		Debug|Any CPU = Debug|Any CPU
		Release|Any CPU = Release|Any CPU
	EndGlobalSection
	GlobalSection(ProjectConfigurationPlatforms) = postSolution
		{958E16B9-68DF-4467-86EF-7A7173E4D10B}.Debug|Any CPU.ActiveCfg = Debug|Any CPU
		{958E16B9-68DF-4467-86EF-7A7173E4D10B}.Debug|Any CPU.Build.0 = Debug|Any CPU
		{958E16B9-68DF-4467-86EF-7A7173E4D10B}.Release|Any CPU.ActiveCfg = Release|Any CPU
		{958E16B9-68DF-4467-86EF-7A7173E4D10B}.Release|Any CPU.Build.0 = Release|Any CPU
		{DE17752F-9760-4BA9-A30D-7759814FB64E}.Debug|Any CPU.ActiveCfg = Debug|Any CPU
		{DE17752F-9760-4BA9-A30D-7759814FB64E}.Debug|Any CPU.Build.0 = Debug|Any CPU
		{DE17752F-9760-4BA9-A30D-7759814FB64E}.Release|Any CPU.ActiveCfg = Release|Any CPU
		{DE17752F-9760-4BA9-A30D-7759814FB64E}.Release|Any CPU.Build.0 = Release|Any CPU
	EndGlobalSection
	GlobalSection(SolutionProperties) = preSolution
		HideSolutionNode = FALSE
	EndGlobalSection
	GlobalSection(ExtensibilityGlobals) = postSolution
		SolutionGuid = {CC87B894-69F7-483D-8B6A-5F733AB6CF25}
	EndGlobalSection
EndGlobal
